
Microsoft Visual Studio Solution File, Format Version 12.00
# Visual Studio Version 17
VisualStudioVersion = 17.5.33530.505
MinimumVisualStudioVersion = 10.0.40219.1
Project("{2150E333-8FDC-42A3-9474-1A3956D46DE8}") = "Creational", "Creational", "{83F281DB-70D9-4772-8601-F993A48F42A4}"
EndProject
Project("{9A19103F-16F7-4668-BE54-9A1E7A4F7556}") = "FactoryMethod", "Creational\FactoryMethod\FactoryMethod.csproj", "{82601EC5-3C91-4DB3-A686-F35AE137C1E6}"
EndProject
Project("{9A19103F-16F7-4668-BE54-9A1E7A4F7556}") = "Prototype", "Creational\Prototype\Prototype.csproj", "{7EED8A90-3438-4F29-B8E0-1ED5EEC862CF}"
EndProject
Project("{9A19103F-16F7-4668-BE54-9A1E7A4F7556}") = "Singleton", "Creational\Singleton\Singleton.csproj", "{BB627B5A-E7EE-42BC-9C28-8F835C693D49}"
EndProject
Project("{9A19103F-16F7-4668-BE54-9A1E7A4F7556}") = "Builder", "Creational\Builder\Builder.csproj", "{C6EB76C6-1897-43DC-B0BF-8EB83DE8FBFC}"
EndProject
Project("{9A19103F-16F7-4668-BE54-9A1E7A4F7556}") = "AbstractFactory", "Creational\AbstractFactory\AbstractFactory.csproj", "{1A4A4D3A-1CFA-4FDF-BD1B-3819D3B8049B}"
EndProject
Project("{2150E333-8FDC-42A3-9474-1A3956D46DE8}") = "Behavioral", "Behavioral", "{DBA8B2AA-381C-4FA0-A680-E73366ADB97B}"
EndProject
Project("{9A19103F-16F7-4668-BE54-9A1E7A4F7556}") = "Strategy", "Behavioral\Strategy\Strategy.csproj", "{77F6312C-192C-4E55-B7B7-CBEF41E90435}"
EndProject
Project("{9A19103F-16F7-4668-BE54-9A1E7A4F7556}") = "Observer", "Behavioral\Observer\Observer.csproj", "{CAD345AB-B927-4AB2-9415-7FFE57121313}"
EndProject
Project("{9A19103F-16F7-4668-BE54-9A1E7A4F7556}") = "Memento", "Behavioral\Memento\Memento.csproj", "{06D2FCCA-1E6A-4972-9A56-95E2BE02666C}"
EndProject
Project("{9A19103F-16F7-4668-BE54-9A1E7A4F7556}") = "Mediator", "Behavioral\Mediator\Mediator.csproj", "{AFE12A5F-B391-4DEF-AABD-0A77E341C35D}"
EndProject
Project("{9A19103F-16F7-4668-BE54-9A1E7A4F7556}") = "ChainOfResponsibility", "Behavioral\ChainOfResponsibility\ChainOfResponsibility.csproj", "{413F4516-ECFE-40F7-B0A1-37A8062C3E22}"
EndProject
Project("{9A19103F-16F7-4668-BE54-9A1E7A4F7556}") = "Visitor", "Behavioral\Visitor\Visitor.csproj", "{6975ADA7-AF03-4C6B-8384-C132FBEA29D4}"
EndProject
Project("{9A19103F-16F7-4668-BE54-9A1E7A4F7556}") = "Template", "Behavioral\Template\Template.csproj", "{28E00DCC-62D8-46F1-8DE6-C82677B9235D}"
EndProject
Project("{9A19103F-16F7-4668-BE54-9A1E7A4F7556}") = "State", "Behavioral\State\State.csproj", "{197438D1-78CC-4107-98F6-0CCDA1BAAB3A}"
EndProject
Project("{2150E333-8FDC-42A3-9474-1A3956D46DE8}") = "Structural", "Structural", "{1B11764A-D49E-4AF1-BE5B-E16DE6954AC8}"
EndProject
Project("{2150E333-8FDC-42A3-9474-1A3956D46DE8}") = "Udemy.Web", "Udemy.Web", "{ADAB2ABA-2659-4CB8-A8DF-0FAD79E0EC72}"
EndProject
Project("{9A19103F-16F7-4668-BE54-9A1E7A4F7556}") = "Facade", "Structural\Facade\Facade.csproj", "{E66986A1-4332-4688-825D-D5B0BE8362E4}"
EndProject
Project("{9A19103F-16F7-4668-BE54-9A1E7A4F7556}") = "Adapter", "Structural\Adapter\Adapter.csproj", "{2901DE1B-7D6E-460E-BE3A-9CF6F0985ABB}"
EndProject
Project("{9A19103F-16F7-4668-BE54-9A1E7A4F7556}") = "Proxy", "Structural\Proxy\Proxy.csproj", "{372539D4-68B3-4DA3-9586-8C87C93A7667}"
EndProject
Project("{9A19103F-16F7-4668-BE54-9A1E7A4F7556}") = "Bridge", "Structural\Bridge\Bridge.csproj", "{5E413611-500D-44E5-A53F-5D7193A4E07D}"
EndProject
Project("{9A19103F-16F7-4668-BE54-9A1E7A4F7556}") = "Decorator", "Structural\Decorator\Decorator.csproj", "{9A2FD42B-CE5E-4079-8BFC-331EEE1BD2FC}"
EndProject
Project("{9A19103F-16F7-4668-BE54-9A1E7A4F7556}") = "Composite", "Structural\Composite\Composite.csproj", "{A44A6CC5-A5E6-4DC0-A097-93C60BF5D587}"
EndProject
Project("{9A19103F-16F7-4668-BE54-9A1E7A4F7556}") = "BaseProject", "Udemy.Web\BaseProject\BaseProject.csproj", "{250C1A1D-A4C1-48DE-B7E1-4D4788077819}"
EndProject
Project("{9A19103F-16F7-4668-BE54-9A1E7A4F7556}") = "Udemy.Strategy", "Udemy.Web\Udemy.Strategy\Udemy.Strategy.csproj", "{BAAFAF06-D20D-4778-BC4D-A1C30ED60D7F}"
EndProject
Global
	GlobalSection(SolutionConfigurationPlatforms) = preSolution
		Debug|Any CPU = Debug|Any CPU
		Release|Any CPU = Release|Any CPU
	EndGlobalSection
	GlobalSection(ProjectConfigurationPlatforms) = postSolution
		{82601EC5-3C91-4DB3-A686-F35AE137C1E6}.Debug|Any CPU.ActiveCfg = Debug|Any CPU
		{82601EC5-3C91-4DB3-A686-F35AE137C1E6}.Debug|Any CPU.Build.0 = Debug|Any CPU
		{82601EC5-3C91-4DB3-A686-F35AE137C1E6}.Release|Any CPU.ActiveCfg = Release|Any CPU
		{82601EC5-3C91-4DB3-A686-F35AE137C1E6}.Release|Any CPU.Build.0 = Release|Any CPU
		{7EED8A90-3438-4F29-B8E0-1ED5EEC862CF}.Debug|Any CPU.ActiveCfg = Debug|Any CPU
		{7EED8A90-3438-4F29-B8E0-1ED5EEC862CF}.Debug|Any CPU.Build.0 = Debug|Any CPU
		{7EED8A90-3438-4F29-B8E0-1ED5EEC862CF}.Release|Any CPU.ActiveCfg = Release|Any CPU
		{7EED8A90-3438-4F29-B8E0-1ED5EEC862CF}.Release|Any CPU.Build.0 = Release|Any CPU
		{BB627B5A-E7EE-42BC-9C28-8F835C693D49}.Debug|Any CPU.ActiveCfg = Debug|Any CPU
		{BB627B5A-E7EE-42BC-9C28-8F835C693D49}.Debug|Any CPU.Build.0 = Debug|Any CPU
		{BB627B5A-E7EE-42BC-9C28-8F835C693D49}.Release|Any CPU.ActiveCfg = Release|Any CPU
		{BB627B5A-E7EE-42BC-9C28-8F835C693D49}.Release|Any CPU.Build.0 = Release|Any CPU
		{C6EB76C6-1897-43DC-B0BF-8EB83DE8FBFC}.Debug|Any CPU.ActiveCfg = Debug|Any CPU
		{C6EB76C6-1897-43DC-B0BF-8EB83DE8FBFC}.Debug|Any CPU.Build.0 = Debug|Any CPU
		{C6EB76C6-1897-43DC-B0BF-8EB83DE8FBFC}.Release|Any CPU.ActiveCfg = Release|Any CPU
		{C6EB76C6-1897-43DC-B0BF-8EB83DE8FBFC}.Release|Any CPU.Build.0 = Release|Any CPU
		{1A4A4D3A-1CFA-4FDF-BD1B-3819D3B8049B}.Debug|Any CPU.ActiveCfg = Debug|Any CPU
		{1A4A4D3A-1CFA-4FDF-BD1B-3819D3B8049B}.Debug|Any CPU.Build.0 = Debug|Any CPU
		{1A4A4D3A-1CFA-4FDF-BD1B-3819D3B8049B}.Release|Any CPU.ActiveCfg = Release|Any CPU
		{1A4A4D3A-1CFA-4FDF-BD1B-3819D3B8049B}.Release|Any CPU.Build.0 = Release|Any CPU
		{77F6312C-192C-4E55-B7B7-CBEF41E90435}.Debug|Any CPU.ActiveCfg = Debug|Any CPU
		{77F6312C-192C-4E55-B7B7-CBEF41E90435}.Debug|Any CPU.Build.0 = Debug|Any CPU
		{77F6312C-192C-4E55-B7B7-CBEF41E90435}.Release|Any CPU.ActiveCfg = Release|Any CPU
		{77F6312C-192C-4E55-B7B7-CBEF41E90435}.Release|Any CPU.Build.0 = Release|Any CPU
		{CAD345AB-B927-4AB2-9415-7FFE57121313}.Debug|Any CPU.ActiveCfg = Debug|Any CPU
		{CAD345AB-B927-4AB2-9415-7FFE57121313}.Debug|Any CPU.Build.0 = Debug|Any CPU
		{CAD345AB-B927-4AB2-9415-7FFE57121313}.Release|Any CPU.ActiveCfg = Release|Any CPU
		{CAD345AB-B927-4AB2-9415-7FFE57121313}.Release|Any CPU.Build.0 = Release|Any CPU
		{06D2FCCA-1E6A-4972-9A56-95E2BE02666C}.Debug|Any CPU.ActiveCfg = Debug|Any CPU
		{06D2FCCA-1E6A-4972-9A56-95E2BE02666C}.Debug|Any CPU.Build.0 = Debug|Any CPU
		{06D2FCCA-1E6A-4972-9A56-95E2BE02666C}.Release|Any CPU.ActiveCfg = Release|Any CPU
		{06D2FCCA-1E6A-4972-9A56-95E2BE02666C}.Release|Any CPU.Build.0 = Release|Any CPU
		{AFE12A5F-B391-4DEF-AABD-0A77E341C35D}.Debug|Any CPU.ActiveCfg = Debug|Any CPU
		{AFE12A5F-B391-4DEF-AABD-0A77E341C35D}.Debug|Any CPU.Build.0 = Debug|Any CPU
		{AFE12A5F-B391-4DEF-AABD-0A77E341C35D}.Release|Any CPU.ActiveCfg = Release|Any CPU
		{AFE12A5F-B391-4DEF-AABD-0A77E341C35D}.Release|Any CPU.Build.0 = Release|Any CPU
		{413F4516-ECFE-40F7-B0A1-37A8062C3E22}.Debug|Any CPU.ActiveCfg = Debug|Any CPU
		{413F4516-ECFE-40F7-B0A1-37A8062C3E22}.Debug|Any CPU.Build.0 = Debug|Any CPU
		{413F4516-ECFE-40F7-B0A1-37A8062C3E22}.Release|Any CPU.ActiveCfg = Release|Any CPU
		{413F4516-ECFE-40F7-B0A1-37A8062C3E22}.Release|Any CPU.Build.0 = Release|Any CPU
		{6975ADA7-AF03-4C6B-8384-C132FBEA29D4}.Debug|Any CPU.ActiveCfg = Debug|Any CPU
		{6975ADA7-AF03-4C6B-8384-C132FBEA29D4}.Debug|Any CPU.Build.0 = Debug|Any CPU
		{6975ADA7-AF03-4C6B-8384-C132FBEA29D4}.Release|Any CPU.ActiveCfg = Release|Any CPU
		{6975ADA7-AF03-4C6B-8384-C132FBEA29D4}.Release|Any CPU.Build.0 = Release|Any CPU
		{28E00DCC-62D8-46F1-8DE6-C82677B9235D}.Debug|Any CPU.ActiveCfg = Debug|Any CPU
		{28E00DCC-62D8-46F1-8DE6-C82677B9235D}.Debug|Any CPU.Build.0 = Debug|Any CPU
		{28E00DCC-62D8-46F1-8DE6-C82677B9235D}.Release|Any CPU.ActiveCfg = Release|Any CPU
		{28E00DCC-62D8-46F1-8DE6-C82677B9235D}.Release|Any CPU.Build.0 = Release|Any CPU
		{197438D1-78CC-4107-98F6-0CCDA1BAAB3A}.Debug|Any CPU.ActiveCfg = Debug|Any CPU
		{197438D1-78CC-4107-98F6-0CCDA1BAAB3A}.Debug|Any CPU.Build.0 = Debug|Any CPU
		{197438D1-78CC-4107-98F6-0CCDA1BAAB3A}.Release|Any CPU.ActiveCfg = Release|Any CPU
		{197438D1-78CC-4107-98F6-0CCDA1BAAB3A}.Release|Any CPU.Build.0 = Release|Any CPU
		{E66986A1-4332-4688-825D-D5B0BE8362E4}.Debug|Any CPU.ActiveCfg = Debug|Any CPU
		{E66986A1-4332-4688-825D-D5B0BE8362E4}.Debug|Any CPU.Build.0 = Debug|Any CPU
		{E66986A1-4332-4688-825D-D5B0BE8362E4}.Release|Any CPU.ActiveCfg = Release|Any CPU
		{E66986A1-4332-4688-825D-D5B0BE8362E4}.Release|Any CPU.Build.0 = Release|Any CPU
		{2901DE1B-7D6E-460E-BE3A-9CF6F0985ABB}.Debug|Any CPU.ActiveCfg = Debug|Any CPU
		{2901DE1B-7D6E-460E-BE3A-9CF6F0985ABB}.Debug|Any CPU.Build.0 = Debug|Any CPU
		{2901DE1B-7D6E-460E-BE3A-9CF6F0985ABB}.Release|Any CPU.ActiveCfg = Release|Any CPU
		{2901DE1B-7D6E-460E-BE3A-9CF6F0985ABB}.Release|Any CPU.Build.0 = Release|Any CPU
		{372539D4-68B3-4DA3-9586-8C87C93A7667}.Debug|Any CPU.ActiveCfg = Debug|Any CPU
		{372539D4-68B3-4DA3-9586-8C87C93A7667}.Debug|Any CPU.Build.0 = Debug|Any CPU
		{372539D4-68B3-4DA3-9586-8C87C93A7667}.Release|Any CPU.ActiveCfg = Release|Any CPU
		{372539D4-68B3-4DA3-9586-8C87C93A7667}.Release|Any CPU.Build.0 = Release|Any CPU
		{5E413611-500D-44E5-A53F-5D7193A4E07D}.Debug|Any CPU.ActiveCfg = Debug|Any CPU
		{5E413611-500D-44E5-A53F-5D7193A4E07D}.Debug|Any CPU.Build.0 = Debug|Any CPU
		{5E413611-500D-44E5-A53F-5D7193A4E07D}.Release|Any CPU.ActiveCfg = Release|Any CPU
		{5E413611-500D-44E5-A53F-5D7193A4E07D}.Release|Any CPU.Build.0 = Release|Any CPU
		{9A2FD42B-CE5E-4079-8BFC-331EEE1BD2FC}.Debug|Any CPU.ActiveCfg = Debug|Any CPU
		{9A2FD42B-CE5E-4079-8BFC-331EEE1BD2FC}.Debug|Any CPU.Build.0 = Debug|Any CPU
		{9A2FD42B-CE5E-4079-8BFC-331EEE1BD2FC}.Release|Any CPU.ActiveCfg = Release|Any CPU
		{9A2FD42B-CE5E-4079-8BFC-331EEE1BD2FC}.Release|Any CPU.Build.0 = Release|Any CPU
		{A44A6CC5-A5E6-4DC0-A097-93C60BF5D587}.Debug|Any CPU.ActiveCfg = Debug|Any CPU
		{A44A6CC5-A5E6-4DC0-A097-93C60BF5D587}.Debug|Any CPU.Build.0 = Debug|Any CPU
		{A44A6CC5-A5E6-4DC0-A097-93C60BF5D587}.Release|Any CPU.ActiveCfg = Release|Any CPU
		{A44A6CC5-A5E6-4DC0-A097-93C60BF5D587}.Release|Any CPU.Build.0 = Release|Any CPU
		{250C1A1D-A4C1-48DE-B7E1-4D4788077819}.Debug|Any CPU.ActiveCfg = Debug|Any CPU
		{250C1A1D-A4C1-48DE-B7E1-4D4788077819}.Debug|Any CPU.Build.0 = Debug|Any CPU
		{250C1A1D-A4C1-48DE-B7E1-4D4788077819}.Release|Any CPU.ActiveCfg = Release|Any CPU
		{250C1A1D-A4C1-48DE-B7E1-4D4788077819}.Release|Any CPU.Build.0 = Release|Any CPU
		{BAAFAF06-D20D-4778-BC4D-A1C30ED60D7F}.Debug|Any CPU.ActiveCfg = Debug|Any CPU
		{BAAFAF06-D20D-4778-BC4D-A1C30ED60D7F}.Debug|Any CPU.Build.0 = Debug|Any CPU
		{BAAFAF06-D20D-4778-BC4D-A1C30ED60D7F}.Release|Any CPU.ActiveCfg = Release|Any CPU
		{BAAFAF06-D20D-4778-BC4D-A1C30ED60D7F}.Release|Any CPU.Build.0 = Release|Any CPU
	EndGlobalSection
	GlobalSection(SolutionProperties) = preSolution
		HideSolutionNode = FALSE
	EndGlobalSection
	GlobalSection(NestedProjects) = preSolution
		{82601EC5-3C91-4DB3-A686-F35AE137C1E6} = {83F281DB-70D9-4772-8601-F993A48F42A4}
		{7EED8A90-3438-4F29-B8E0-1ED5EEC862CF} = {83F281DB-70D9-4772-8601-F993A48F42A4}
		{BB627B5A-E7EE-42BC-9C28-8F835C693D49} = {83F281DB-70D9-4772-8601-F993A48F42A4}
		{C6EB76C6-1897-43DC-B0BF-8EB83DE8FBFC} = {83F281DB-70D9-4772-8601-F993A48F42A4}
		{1A4A4D3A-1CFA-4FDF-BD1B-3819D3B8049B} = {83F281DB-70D9-4772-8601-F993A48F42A4}
		{77F6312C-192C-4E55-B7B7-CBEF41E90435} = {DBA8B2AA-381C-4FA0-A680-E73366ADB97B}
		{CAD345AB-B927-4AB2-9415-7FFE57121313} = {DBA8B2AA-381C-4FA0-A680-E73366ADB97B}
		{06D2FCCA-1E6A-4972-9A56-95E2BE02666C} = {DBA8B2AA-381C-4FA0-A680-E73366ADB97B}
		{AFE12A5F-B391-4DEF-AABD-0A77E341C35D} = {DBA8B2AA-381C-4FA0-A680-E73366ADB97B}
		{413F4516-ECFE-40F7-B0A1-37A8062C3E22} = {DBA8B2AA-381C-4FA0-A680-E73366ADB97B}
		{6975ADA7-AF03-4C6B-8384-C132FBEA29D4} = {DBA8B2AA-381C-4FA0-A680-E73366ADB97B}
		{28E00DCC-62D8-46F1-8DE6-C82677B9235D} = {DBA8B2AA-381C-4FA0-A680-E73366ADB97B}
		{197438D1-78CC-4107-98F6-0CCDA1BAAB3A} = {DBA8B2AA-381C-4FA0-A680-E73366ADB97B}
		{E66986A1-4332-4688-825D-D5B0BE8362E4} = {1B11764A-D49E-4AF1-BE5B-E16DE6954AC8}
		{2901DE1B-7D6E-460E-BE3A-9CF6F0985ABB} = {1B11764A-D49E-4AF1-BE5B-E16DE6954AC8}
		{372539D4-68B3-4DA3-9586-8C87C93A7667} = {1B11764A-D49E-4AF1-BE5B-E16DE6954AC8}
		{5E413611-500D-44E5-A53F-5D7193A4E07D} = {1B11764A-D49E-4AF1-BE5B-E16DE6954AC8}
		{9A2FD42B-CE5E-4079-8BFC-331EEE1BD2FC} = {1B11764A-D49E-4AF1-BE5B-E16DE6954AC8}
		{A44A6CC5-A5E6-4DC0-A097-93C60BF5D587} = {1B11764A-D49E-4AF1-BE5B-E16DE6954AC8}
		{250C1A1D-A4C1-48DE-B7E1-4D4788077819} = {ADAB2ABA-2659-4CB8-A8DF-0FAD79E0EC72}
		{BAAFAF06-D20D-4778-BC4D-A1C30ED60D7F} = {ADAB2ABA-2659-4CB8-A8DF-0FAD79E0EC72}
	EndGlobalSection
	GlobalSection(ExtensibilityGlobals) = postSolution
		SolutionGuid = {4E7D694B-B34A-4EA9-85DA-402468473E7D}
	EndGlobalSection
EndGlobal
